
Microsoft Visual Studio Solution File, Format Version 12.00
# Visual Studio Version 17
VisualStudioVersion = 17.5.33414.496
MinimumVisualStudioVersion = 10.0.40219.1
Project("{9A19103F-16F7-4668-BE54-9A1E7A4F7556}") = "WatchHeaven.Web", "WatchHeaven.Web\WatchHeaven.Web.csproj", "{71C1F93A-CB73-45F4-B529-A5797DC03BA9}"
EndProject
Project("{9A19103F-16F7-4668-BE54-9A1E7A4F7556}") = "WatchHeaven.Common", "WatchHeaven.Common\WatchHeaven.Common.csproj", "{711FA428-D67D-4B40-82EB-37BC96F33086}"
EndProject
Project("{2150E333-8FDC-42A3-9474-1A3956D46DE8}") = "Web", "Web", "{5E9BA2A2-92BF-4F16-B544-2420BF64FE87}"
EndProject
Project("{2150E333-8FDC-42A3-9474-1A3956D46DE8}") = "Data", "Data", "{EF4990D2-B4C9-4CC3-8BF4-4C603B87BDCC}"
EndProject
Project("{9A19103F-16F7-4668-BE54-9A1E7A4F7556}") = "WatchHeaven.Data", "WatchHeaven.Data\WatchHeaven.Data.csproj", "{8D1E8CEF-3BFC-4C07-B286-3C9E180A3A29}"
EndProject
Project("{9A19103F-16F7-4668-BE54-9A1E7A4F7556}") = "WatchHeaven.Data.Model", "WatchHeaven.Data.Model\WatchHeaven.Data.Model.csproj", "{AF0F812D-40C4-4DDC-972B-02E83E9A3562}"
EndProject
Project("{9A19103F-16F7-4668-BE54-9A1E7A4F7556}") = "WatchHeaven.Web.ViewModels", "WatchHeaven.Web.ViewModels\WatchHeaven.Web.ViewModels.csproj", "{0240267D-A6EF-474E-A1E8-E5C8D52AE56B}"
EndProject
Project("{2150E333-8FDC-42A3-9474-1A3956D46DE8}") = "Services", "Services", "{81F7F322-4DA2-4BA1-ABE1-E8FA7E127A0A}"
EndProject
Project("{9A19103F-16F7-4668-BE54-9A1E7A4F7556}") = "WatchHeaven.Services.Data", "WatchHeaven.Services.Data\WatchHeaven.Services.Data.csproj", "{FC6118A7-9DDD-43D5-89A6-85F815178D7B}"
EndProject
Project("{9A19103F-16F7-4668-BE54-9A1E7A4F7556}") = "WatchHeaven.Web.Infrastructure", "WatchHeaven.Web.Infrastructure\WatchHeaven.Web.Infrastructure.csproj", "{4A1E4D88-6695-45A4-A8E6-8A7CA9A96C61}"
EndProject
Project("{9A19103F-16F7-4668-BE54-9A1E7A4F7556}") = "WatchHeaven.Services.Data.Models", "WatchHeaven.Services.Data.Models\WatchHeaven.Services.Data.Models.csproj", "{8753672C-C09F-45A4-AA6B-BDFCE3892E6B}"
EndProject
Project("{FAE04EC0-301F-11D3-BF4B-00C04F79EFBC}") = "WatchHeaven.WebApi", "WatchHeaven.WebApi\WatchHeaven.WebApi.csproj", "{EC596E94-8296-40C6-B188-E6B88A9C8A3F}"
EndProject
Global
	GlobalSection(SolutionConfigurationPlatforms) = preSolution
		Debug|Any CPU = Debug|Any CPU
		Release|Any CPU = Release|Any CPU
	EndGlobalSection
	GlobalSection(ProjectConfigurationPlatforms) = postSolution
		{71C1F93A-CB73-45F4-B529-A5797DC03BA9}.Debug|Any CPU.ActiveCfg = Debug|Any CPU
		{71C1F93A-CB73-45F4-B529-A5797DC03BA9}.Debug|Any CPU.Build.0 = Debug|Any CPU
		{71C1F93A-CB73-45F4-B529-A5797DC03BA9}.Release|Any CPU.ActiveCfg = Release|Any CPU
		{71C1F93A-CB73-45F4-B529-A5797DC03BA9}.Release|Any CPU.Build.0 = Release|Any CPU
		{711FA428-D67D-4B40-82EB-37BC96F33086}.Debug|Any CPU.ActiveCfg = Debug|Any CPU
		{711FA428-D67D-4B40-82EB-37BC96F33086}.Debug|Any CPU.Build.0 = Debug|Any CPU
		{711FA428-D67D-4B40-82EB-37BC96F33086}.Release|Any CPU.ActiveCfg = Release|Any CPU
		{711FA428-D67D-4B40-82EB-37BC96F33086}.Release|Any CPU.Build.0 = Release|Any CPU
		{8D1E8CEF-3BFC-4C07-B286-3C9E180A3A29}.Debug|Any CPU.ActiveCfg = Debug|Any CPU
		{8D1E8CEF-3BFC-4C07-B286-3C9E180A3A29}.Debug|Any CPU.Build.0 = Debug|Any CPU
		{8D1E8CEF-3BFC-4C07-B286-3C9E180A3A29}.Release|Any CPU.ActiveCfg = Release|Any CPU
		{8D1E8CEF-3BFC-4C07-B286-3C9E180A3A29}.Release|Any CPU.Build.0 = Release|Any CPU
		{AF0F812D-40C4-4DDC-972B-02E83E9A3562}.Debug|Any CPU.ActiveCfg = Debug|Any CPU
		{AF0F812D-40C4-4DDC-972B-02E83E9A3562}.Debug|Any CPU.Build.0 = Debug|Any CPU
		{AF0F812D-40C4-4DDC-972B-02E83E9A3562}.Release|Any CPU.ActiveCfg = Release|Any CPU
		{AF0F812D-40C4-4DDC-972B-02E83E9A3562}.Release|Any CPU.Build.0 = Release|Any CPU
		{0240267D-A6EF-474E-A1E8-E5C8D52AE56B}.Debug|Any CPU.ActiveCfg = Debug|Any CPU
		{0240267D-A6EF-474E-A1E8-E5C8D52AE56B}.Debug|Any CPU.Build.0 = Debug|Any CPU
		{0240267D-A6EF-474E-A1E8-E5C8D52AE56B}.Release|Any CPU.ActiveCfg = Release|Any CPU
		{0240267D-A6EF-474E-A1E8-E5C8D52AE56B}.Release|Any CPU.Build.0 = Release|Any CPU
		{FC6118A7-9DDD-43D5-89A6-85F815178D7B}.Debug|Any CPU.ActiveCfg = Debug|Any CPU
		{FC6118A7-9DDD-43D5-89A6-85F815178D7B}.Debug|Any CPU.Build.0 = Debug|Any CPU
		{FC6118A7-9DDD-43D5-89A6-85F815178D7B}.Release|Any CPU.ActiveCfg = Release|Any CPU
		{FC6118A7-9DDD-43D5-89A6-85F815178D7B}.Release|Any CPU.Build.0 = Release|Any CPU
		{4A1E4D88-6695-45A4-A8E6-8A7CA9A96C61}.Debug|Any CPU.ActiveCfg = Debug|Any CPU
		{4A1E4D88-6695-45A4-A8E6-8A7CA9A96C61}.Debug|Any CPU.Build.0 = Debug|Any CPU
		{4A1E4D88-6695-45A4-A8E6-8A7CA9A96C61}.Release|Any CPU.ActiveCfg = Release|Any CPU
		{4A1E4D88-6695-45A4-A8E6-8A7CA9A96C61}.Release|Any CPU.Build.0 = Release|Any CPU
		{8753672C-C09F-45A4-AA6B-BDFCE3892E6B}.Debug|Any CPU.ActiveCfg = Debug|Any CPU
		{8753672C-C09F-45A4-AA6B-BDFCE3892E6B}.Debug|Any CPU.Build.0 = Debug|Any CPU
		{8753672C-C09F-45A4-AA6B-BDFCE3892E6B}.Release|Any CPU.ActiveCfg = Release|Any CPU
		{8753672C-C09F-45A4-AA6B-BDFCE3892E6B}.Release|Any CPU.Build.0 = Release|Any CPU
		{EC596E94-8296-40C6-B188-E6B88A9C8A3F}.Debug|Any CPU.ActiveCfg = Debug|Any CPU
		{EC596E94-8296-40C6-B188-E6B88A9C8A3F}.Debug|Any CPU.Build.0 = Debug|Any CPU
		{EC596E94-8296-40C6-B188-E6B88A9C8A3F}.Release|Any CPU.ActiveCfg = Release|Any CPU
		{EC596E94-8296-40C6-B188-E6B88A9C8A3F}.Release|Any CPU.Build.0 = Release|Any CPU
	EndGlobalSection
	GlobalSection(SolutionProperties) = preSolution
		HideSolutionNode = FALSE
	EndGlobalSection
	GlobalSection(NestedProjects) = preSolution
		{71C1F93A-CB73-45F4-B529-A5797DC03BA9} = {5E9BA2A2-92BF-4F16-B544-2420BF64FE87}
		{8D1E8CEF-3BFC-4C07-B286-3C9E180A3A29} = {EF4990D2-B4C9-4CC3-8BF4-4C603B87BDCC}
		{AF0F812D-40C4-4DDC-972B-02E83E9A3562} = {EF4990D2-B4C9-4CC3-8BF4-4C603B87BDCC}
		{0240267D-A6EF-474E-A1E8-E5C8D52AE56B} = {5E9BA2A2-92BF-4F16-B544-2420BF64FE87}
		{FC6118A7-9DDD-43D5-89A6-85F815178D7B} = {81F7F322-4DA2-4BA1-ABE1-E8FA7E127A0A}
		{4A1E4D88-6695-45A4-A8E6-8A7CA9A96C61} = {5E9BA2A2-92BF-4F16-B544-2420BF64FE87}
		{8753672C-C09F-45A4-AA6B-BDFCE3892E6B} = {81F7F322-4DA2-4BA1-ABE1-E8FA7E127A0A}
		{EC596E94-8296-40C6-B188-E6B88A9C8A3F} = {5E9BA2A2-92BF-4F16-B544-2420BF64FE87}
	EndGlobalSection
	GlobalSection(ExtensibilityGlobals) = postSolution
		SolutionGuid = {B7E8571E-C1AB-4AF2-A1F5-B647D892E2DB}
	EndGlobalSection
EndGlobal
