
Microsoft Visual Studio Solution File, Format Version 12.00
# Visual Studio Version 17
VisualStudioVersion = 17.5.33414.496
MinimumVisualStudioVersion = 10.0.40219.1
Project("{FAE04EC0-301F-11D3-BF4B-00C04F79EFBC}") = "WatchHeaven.Web", "WatchHeaven.Web\WatchHeaven.Web.csproj", "{71C1F93A-CB73-45F4-B529-A5797DC03BA9}"
EndProject
Global
	GlobalSection(SolutionConfigurationPlatforms) = preSolution
		Debug|Any CPU = Debug|Any CPU
		Release|Any CPU = Release|Any CPU
	EndGlobalSection
	GlobalSection(ProjectConfigurationPlatforms) = postSolution
		{71C1F93A-CB73-45F4-B529-A5797DC03BA9}.Debug|Any CPU.ActiveCfg = Debug|Any CPU
		{71C1F93A-CB73-45F4-B529-A5797DC03BA9}.Debug|Any CPU.Build.0 = Debug|Any CPU
		{71C1F93A-CB73-45F4-B529-A5797DC03BA9}.Release|Any CPU.ActiveCfg = Release|Any CPU
		{71C1F93A-CB73-45F4-B529-A5797DC03BA9}.Release|Any CPU.Build.0 = Release|Any CPU
	EndGlobalSection
	GlobalSection(SolutionProperties) = preSolution
		HideSolutionNode = FALSE
	EndGlobalSection
	GlobalSection(ExtensibilityGlobals) = postSolution
		SolutionGuid = {B7E8571E-C1AB-4AF2-A1F5-B647D892E2DB}
	EndGlobalSection
EndGlobal
